
Microsoft Visual Studio Solution File, Format Version 12.00
# Visual Studio Version 17
VisualStudioVersion = 17.8.34330.188
MinimumVisualStudioVersion = 10.0.40219.1
Project("{9A19103F-16F7-4668-BE54-9A1E7A4F7556}") = "CourseApp", "CourseApp\CourseApp.csproj", "{6ABC2C9D-18EF-456C-847E-4FF50BD5533D}"
EndProject
Project("{9A19103F-16F7-4668-BE54-9A1E7A4F7556}") = "Core", "Core\Core.csproj", "{E6C86EE0-DAAB-4EB8-BD0C-C276306A0253}"
EndProject
Project("{9A19103F-16F7-4668-BE54-9A1E7A4F7556}") = "Data", "Data\Data.csproj", "{B6FD5497-100A-49F9-BAFC-6ECDE57E1E96}"
EndProject
Project("{9A19103F-16F7-4668-BE54-9A1E7A4F7556}") = "Service", "Service\Service.csproj", "{47C71DF7-1BFF-40D6-9E97-2A00E960D184}"
EndProject
Project("{FAE04EC0-301F-11D3-BF4B-00C04F79EFBC}") = "CourseAppUI", "CourseAppUI\CourseAppUI.csproj", "{3104D853-177D-4142-9FB6-C536EB05DDEA}"
EndProject
Global
	GlobalSection(SolutionConfigurationPlatforms) = preSolution
		Debug|Any CPU = Debug|Any CPU
		Release|Any CPU = Release|Any CPU
	EndGlobalSection
	GlobalSection(ProjectConfigurationPlatforms) = postSolution
		{6ABC2C9D-18EF-456C-847E-4FF50BD5533D}.Debug|Any CPU.ActiveCfg = Debug|Any CPU
		{6ABC2C9D-18EF-456C-847E-4FF50BD5533D}.Debug|Any CPU.Build.0 = Debug|Any CPU
		{6ABC2C9D-18EF-456C-847E-4FF50BD5533D}.Release|Any CPU.ActiveCfg = Release|Any CPU
		{6ABC2C9D-18EF-456C-847E-4FF50BD5533D}.Release|Any CPU.Build.0 = Release|Any CPU
		{E6C86EE0-DAAB-4EB8-BD0C-C276306A0253}.Debug|Any CPU.ActiveCfg = Debug|Any CPU
		{E6C86EE0-DAAB-4EB8-BD0C-C276306A0253}.Debug|Any CPU.Build.0 = Debug|Any CPU
		{E6C86EE0-DAAB-4EB8-BD0C-C276306A0253}.Release|Any CPU.ActiveCfg = Release|Any CPU
		{E6C86EE0-DAAB-4EB8-BD0C-C276306A0253}.Release|Any CPU.Build.0 = Release|Any CPU
		{B6FD5497-100A-49F9-BAFC-6ECDE57E1E96}.Debug|Any CPU.ActiveCfg = Debug|Any CPU
		{B6FD5497-100A-49F9-BAFC-6ECDE57E1E96}.Debug|Any CPU.Build.0 = Debug|Any CPU
		{B6FD5497-100A-49F9-BAFC-6ECDE57E1E96}.Release|Any CPU.ActiveCfg = Release|Any CPU
		{B6FD5497-100A-49F9-BAFC-6ECDE57E1E96}.Release|Any CPU.Build.0 = Release|Any CPU
		{47C71DF7-1BFF-40D6-9E97-2A00E960D184}.Debug|Any CPU.ActiveCfg = Debug|Any CPU
		{47C71DF7-1BFF-40D6-9E97-2A00E960D184}.Debug|Any CPU.Build.0 = Debug|Any CPU
		{47C71DF7-1BFF-40D6-9E97-2A00E960D184}.Release|Any CPU.ActiveCfg = Release|Any CPU
		{47C71DF7-1BFF-40D6-9E97-2A00E960D184}.Release|Any CPU.Build.0 = Release|Any CPU
		{3104D853-177D-4142-9FB6-C536EB05DDEA}.Debug|Any CPU.ActiveCfg = Debug|Any CPU
		{3104D853-177D-4142-9FB6-C536EB05DDEA}.Debug|Any CPU.Build.0 = Debug|Any CPU
		{3104D853-177D-4142-9FB6-C536EB05DDEA}.Release|Any CPU.ActiveCfg = Release|Any CPU
		{3104D853-177D-4142-9FB6-C536EB05DDEA}.Release|Any CPU.Build.0 = Release|Any CPU
	EndGlobalSection
	GlobalSection(SolutionProperties) = preSolution
		HideSolutionNode = FALSE
	EndGlobalSection
	GlobalSection(ExtensibilityGlobals) = postSolution
		SolutionGuid = {87573392-06D7-44E4-9839-3EF112AE4F68}
	EndGlobalSection
EndGlobal
